
Microsoft Visual Studio Solution File, Format Version 12.00
# Visual Studio Version 16
VisualStudioVersion = 16.0.29409.12
MinimumVisualStudioVersion = 10.0.40219.1
Project("{FAE04EC0-301F-11D3-BF4B-00C04F79EFBC}") = "ver1.0", "ver1.0\ver1.0.csproj", "{ABA4D339-F803-421F-B574-BC41B8FF1362}"
EndProject
Global
	GlobalSection(SolutionConfigurationPlatforms) = preSolution
		Debug|Any CPU = Debug|Any CPU
		Release|Any CPU = Release|Any CPU
	EndGlobalSection
	GlobalSection(ProjectConfigurationPlatforms) = postSolution
		{ABA4D339-F803-421F-B574-BC41B8FF1362}.Debug|Any CPU.ActiveCfg = Debug|Any CPU
		{ABA4D339-F803-421F-B574-BC41B8FF1362}.Debug|Any CPU.Build.0 = Debug|Any CPU
		{ABA4D339-F803-421F-B574-BC41B8FF1362}.Release|Any CPU.ActiveCfg = Release|Any CPU
		{ABA4D339-F803-421F-B574-BC41B8FF1362}.Release|Any CPU.Build.0 = Release|Any CPU
	EndGlobalSection
	GlobalSection(SolutionProperties) = preSolution
		HideSolutionNode = FALSE
	EndGlobalSection
	GlobalSection(ExtensibilityGlobals) = postSolution
		SolutionGuid = {85391C99-3BE9-48B9-AF99-30FAECDABC59}
	EndGlobalSection
EndGlobal
